Microsoft Visual Studio Solution File, Format Version 12.00
# Visual Studio 2012
Project("{FAE04EC0-301F-11D3-BF4B-00C04F79EFBC}") = "jtiger", "jtiger.csproj", "{68036843-58BD-461A-90AA-9281C1A358DA}"
EndProject
Global
	GlobalSection(SolutionConfigurationPlatforms) = preSolution
	Debug|Any CPU = Debug|Any CPU
	ExportDebug|Any CPU = ExportDebug|Any CPU
	ExportRelease|Any CPU = ExportRelease|Any CPU
	EndGlobalSection
	GlobalSection(ProjectConfigurationPlatforms) = postSolution
		{68036843-58BD-461A-90AA-9281C1A358DA}.Debug|Any CPU.ActiveCfg = Debug|Any CPU
		{68036843-58BD-461A-90AA-9281C1A358DA}.Debug|Any CPU.Build.0 = Debug|Any CPU
		{68036843-58BD-461A-90AA-9281C1A358DA}.ExportDebug|Any CPU.ActiveCfg = ExportDebug|Any CPU
		{68036843-58BD-461A-90AA-9281C1A358DA}.ExportDebug|Any CPU.Build.0 = ExportDebug|Any CPU
		{68036843-58BD-461A-90AA-9281C1A358DA}.ExportRelease|Any CPU.ActiveCfg = ExportRelease|Any CPU
		{68036843-58BD-461A-90AA-9281C1A358DA}.ExportRelease|Any CPU.Build.0 = ExportRelease|Any CPU
	EndGlobalSection
EndGlobal
